// !$*UTF8*$!
{
	archiveVersion = 1;
	classes = {
	};
	objectVersion = 46;
	objects = {

/* Begin PBXBuildFile section */
		CBB872A719AF6AFB00344E84 /* CategoryModel.m in Sources */ = {isa = PBXBuildFile; fileRef = CBB8724B19AF6AFB00344E84 /* CategoryModel.m */; };
		CBB872A819AF6AFB00344E84 /* CategoryModelNutritionCategoryComporatorContext.m in Sources */ = {isa = PBXBuildFile; fileRef = CBB8724D19AF6AFB00344E84 /* CategoryModelNutritionCategoryComporatorContext.m */; };
		CBB872A919AF6AFB00344E84 /* CategoryModelNutritionCategoryMealsComporatorContext.m in Sources */ = {isa = PBXBuildFile; fileRef = CBB8724F19AF6AFB00344E84 /* CategoryModelNutritionCategoryMealsComporatorContext.m */; };
		CBB872AA19AF6AFB00344E84 /* CategoryModelNutritionCategoryParentcategoryComporatorContext.m in Sources */ = {isa = PBXBuildFile; fileRef = CBB8725119AF6AFB00344E84 /* CategoryModelNutritionCategoryParentcategoryComporatorContext.m */; };
		CBB872AB19AF6AFB00344E84 /* CategoryModelNutritionCategorySubcategoriesComporatorContext.m in Sources */ = {isa = PBXBuildFile; fileRef = CBB8725319AF6AFB00344E84 /* CategoryModelNutritionCategorySubcategoriesComporatorContext.m */; };
		CBB872AC19AF6AFB00344E84 /* NutritionModel.m in Sources */ = {isa = PBXBuildFile; fileRef = CBB8725519AF6AFB00344E84 /* NutritionModel.m */; };
		CBB872AD19AF6AFB00344E84 /* NutritionModelFoodComporatorContext.m in Sources */ = {isa = PBXBuildFile; fileRef = CBB8725719AF6AFB00344E84 /* NutritionModelFoodComporatorContext.m */; };
		CBB872AE19AF6AFB00344E84 /* NutritionModelMealComporatorContext.m in Sources */ = {isa = PBXBuildFile; fileRef = CBB8725919AF6AFB00344E84 /* NutritionModelMealComporatorContext.m */; };
		CBB872AF19AF6AFB00344E84 /* NutritionModelMealFoodsComporatorContext.m in Sources */ = {isa = PBXBuildFile; fileRef = CBB8725B19AF6AFB00344E84 /* NutritionModelMealFoodsComporatorContext.m */; };
		CBB872B019AF6AFB00344E84 /* Condition.m in Sources */ = {isa = PBXBuildFile; fileRef = CBB8725E19AF6AFB00344E84 /* Condition.m */; };
		CBB872B119AF6AFB00344E84 /* ConditionAnd.m in Sources */ = {isa = PBXBuildFile; fileRef = CBB8726019AF6AFB00344E84 /* ConditionAnd.m */; };
		CBB872B219AF6AFB00344E84 /* ConditionBoolean.m in Sources */ = {isa = PBXBuildFile; fileRef = CBB8726219AF6AFB00344E84 /* ConditionBoolean.m */; };
		CBB872B319AF6AFB00344E84 /* ConditionDate.m in Sources */ = {isa = PBXBuildFile; fileRef = CBB8726419AF6AFB00344E84 /* ConditionDate.m */; };
		CBB872B419AF6AFB00344E84 /* ConditionDouble.m in Sources */ = {isa = PBXBuildFile; fileRef = CBB8726619AF6AFB00344E84 /* ConditionDouble.m */; };
		CBB872B519AF6AFB00344E84 /* ConditionFloat.m in Sources */ = {isa = PBXBuildFile; fileRef = CBB8726819AF6AFB00344E84 /* ConditionFloat.m */; };
		CBB872B619AF6AFB00344E84 /* ConditionInteger32.m in Sources */ = {isa = PBXBuildFile; fileRef = CBB8726A19AF6AFB00344E84 /* ConditionInteger32.m */; };
		CBB872B719AF6AFB00344E84 /* ConditionInteger64.m in Sources */ = {isa = PBXBuildFile; fileRef = CBB8726C19AF6AFB00344E84 /* ConditionInteger64.m */; };
		CBB872B819AF6AFB00344E84 /* ConditionOr.m in Sources */ = {isa = PBXBuildFile; fileRef = CBB8726E19AF6AFB00344E84 /* ConditionOr.m */; };
		CBB872B919AF6AFB00344E84 /* ConditionString.m in Sources */ = {isa = PBXBuildFile; fileRef = CBB8727019AF6AFB00344E84 /* ConditionString.m */; };
		CBB872BA19AF6AFB00344E84 /* ContextToMany.m in Sources */ = {isa = PBXBuildFile; fileRef = CBB8727219AF6AFB00344E84 /* ContextToMany.m */; };
		CBB872BB19AF6AFB00344E84 /* ContextToOne.m in Sources */ = {isa = PBXBuildFile; fileRef = CBB8727419AF6AFB00344E84 /* ContextToOne.m */; };
		CBB872BC19AF6AFB00344E84 /* FieldBoolean.m in Sources */ = {isa = PBXBuildFile; fileRef = CBB8727619AF6AFB00344E84 /* FieldBoolean.m */; };
		CBB872BD19AF6AFB00344E84 /* FieldBooleanToMany.m in Sources */ = {isa = PBXBuildFile; fileRef = CBB8727819AF6AFB00344E84 /* FieldBooleanToMany.m */; };
		CBB872BE19AF6AFB00344E84 /* FieldDate.m in Sources */ = {isa = PBXBuildFile; fileRef = CBB8727A19AF6AFB00344E84 /* FieldDate.m */; };
		CBB872BF19AF6AFB00344E84 /* FieldDateToMany.m in Sources */ = {isa = PBXBuildFile; fileRef = CBB8727C19AF6AFB00344E84 /* FieldDateToMany.m */; };
		CBB872C019AF6AFB00344E84 /* FieldDouble.m in Sources */ = {isa = PBXBuildFile; fileRef = CBB8727E19AF6AFB00344E84 /* FieldDouble.m */; };
		CBB872C119AF6AFB00344E84 /* FieldDoubleToMany.m in Sources */ = {isa = PBXBuildFile; fileRef = CBB8728019AF6AFB00344E84 /* FieldDoubleToMany.m */; };
		CBB872C219AF6AFB00344E84 /* FieldFloat.m in Sources */ = {isa = PBXBuildFile; fileRef = CBB8728219AF6AFB00344E84 /* FieldFloat.m */; };
		CBB872C319AF6AFB00344E84 /* FieldFloatToMany.m in Sources */ = {isa = PBXBuildFile; fileRef = CBB8728419AF6AFB00344E84 /* FieldFloatToMany.m */; };
		CBB872C419AF6AFB00344E84 /* FieldInteger32.m in Sources */ = {isa = PBXBuildFile; fileRef = CBB8728619AF6AFB00344E84 /* FieldInteger32.m */; };
		CBB872C519AF6AFB00344E84 /* FieldInteger32ToMany.m in Sources */ = {isa = PBXBuildFile; fileRef = CBB8728819AF6AFB00344E84 /* FieldInteger32ToMany.m */; };
		CBB872C619AF6AFB00344E84 /* FieldInteger64.m in Sources */ = {isa = PBXBuildFile; fileRef = CBB8728A19AF6AFB00344E84 /* FieldInteger64.m */; };
		CBB872C719AF6AFB00344E84 /* FieldInteger64ToMany.m in Sources */ = {isa = PBXBuildFile; fileRef = CBB8728C19AF6AFB00344E84 /* FieldInteger64ToMany.m */; };
		CBB872C819AF6AFB00344E84 /* FieldString.m in Sources */ = {isa = PBXBuildFile; fileRef = CBB8728E19AF6AFB00344E84 /* FieldString.m */; };
		CBB872C919AF6AFB00344E84 /* FieldStringToMany.m in Sources */ = {isa = PBXBuildFile; fileRef = CBB8729019AF6AFB00344E84 /* FieldStringToMany.m */; };
		CBB872CA19AF6AFB00344E84 /* ModelContext.m in Sources */ = {isa = PBXBuildFile; fileRef = CBB8729219AF6AFB00344E84 /* ModelContext.m */; };
		CBB872CB19AF6AFB00344E84 /* DataManager.m in Sources */ = {isa = PBXBuildFile; fileRef = CBB8729419AF6AFB00344E84 /* DataManager.m */; };
		CBB872CC19AF6AFB00344E84 /* CategoryModelNutritionCategoryDTO.m in Sources */ = {isa = PBXBuildFile; fileRef = CBB8729719AF6AFB00344E84 /* CategoryModelNutritionCategoryDTO.m */; };
		CBB872CD19AF6AFB00344E84 /* CategoryModelNutritionCategoryMealsDTO.m in Sources */ = {isa = PBXBuildFile; fileRef = CBB8729919AF6AFB00344E84 /* CategoryModelNutritionCategoryMealsDTO.m */; };
		CBB872CE19AF6AFB00344E84 /* NutritionModelFoodDTO.m in Sources */ = {isa = PBXBuildFile; fileRef = CBB8729B19AF6AFB00344E84 /* NutritionModelFoodDTO.m */; };
		CBB872CF19AF6AFB00344E84 /* NutritionModelMealDTO.m in Sources */ = {isa = PBXBuildFile; fileRef = CBB8729D19AF6AFB00344E84 /* NutritionModelMealDTO.m */; };
		CBB872D019AF6AFB00344E84 /* NutritionModelMealFoodsDTO.m in Sources */ = {isa = PBXBuildFile; fileRef = CBB8729F19AF6AFB00344E84 /* NutritionModelMealFoodsDTO.m */; };
		CBB872D119AF6AFB00344E84 /* Food.m in Sources */ = {isa = PBXBuildFile; fileRef = CBB872A219AF6AFB00344E84 /* Food.m */; };
		CBB872D219AF6AFB00344E84 /* Meal.m in Sources */ = {isa = PBXBuildFile; fileRef = CBB872A419AF6AFB00344E84 /* Meal.m */; };
		CBB872D319AF6AFB00344E84 /* NutritionCategory.m in Sources */ = {isa = PBXBuildFile; fileRef = CBB872A619AF6AFB00344E84 /* NutritionCategory.m */; };
		CBBCDE511976886B00108712 /* Foundation.framework in Frameworks */ = {isa = PBXBuildFile; fileRef = CBBCDE501976886B00108712 /* Foundation.framework */; };
		CBBCDE531976886B00108712 /* CoreGraphics.framework in Frameworks */ = {isa = PBXBuildFile; fileRef = CBBCDE521976886B00108712 /* CoreGraphics.framework */; };
		CBBCDE551976886B00108712 /* UIKit.framework in Frameworks */ = {isa = PBXBuildFile; fileRef = CBBCDE541976886B00108712 /* UIKit.framework */; };
		CBBCDE5B1976886B00108712 /* InfoPlist.strings in Resources */ = {isa = PBXBuildFile; fileRef = CBBCDE591976886B00108712 /* InfoPlist.strings */; };
		CBBCDE5D1976886B00108712 /* main.m in Sources */ = {isa = PBXBuildFile; fileRef = CBBCDE5C1976886B00108712 /* main.m */; };
		CBBCDE611976886B00108712 /* AppDelegate.m in Sources */ = {isa = PBXBuildFile; fileRef = CBBCDE601976886B00108712 /* AppDelegate.m */; };
		CBBCDE641976886B00108712 /* Main.storyboard in Resources */ = {isa = PBXBuildFile; fileRef = CBBCDE621976886B00108712 /* Main.storyboard */; };
		CBBCDE671976886B00108712 /* ViewController.m in Sources */ = {isa = PBXBuildFile; fileRef = CBBCDE661976886B00108712 /* ViewController.m */; };
		CBBCDE691976886B00108712 /* Images.xcassets in Resources */ = {isa = PBXBuildFile; fileRef = CBBCDE681976886B00108712 /* Images.xcassets */; };
		CBBCDE701976886B00108712 /* XCTest.framework in Frameworks */ = {isa = PBXBuildFile; fileRef = CBBCDE6F1976886B00108712 /* XCTest.framework */; };
		CBBCDE711976886B00108712 /* Foundation.framework in Frameworks */ = {isa = PBXBuildFile; fileRef = CBBCDE501976886B00108712 /* Foundation.framework */; };
		CBBCDE721976886B00108712 /* UIKit.framework in Frameworks */ = {isa = PBXBuildFile; fileRef = CBBCDE541976886B00108712 /* UIKit.framework */; };
		CBBCDE7A1976886B00108712 /* InfoPlist.strings in Resources */ = {isa = PBXBuildFile; fileRef = CBBCDE781976886B00108712 /* InfoPlist.strings */; };
		CBBCDE7C1976886B00108712 /* RecipesTests.m in Sources */ = {isa = PBXBuildFile; fileRef = CBBCDE7B1976886B00108712 /* RecipesTests.m */; };
		CBBCDE861976889000108712 /* schema.xml in Resources */ = {isa = PBXBuildFile; fileRef = CBBCDE851976889000108712 /* schema.xml */; };
		CBBCDF4919769F0600108712 /* CoreData.framework in Frameworks */ = {isa = PBXBuildFile; fileRef = CBBCDF4819769F0600108712 /* CoreData.framework */; };
/* End PBXBuildFile section */

/* Begin PBXContainerItemProxy section */
		CBBCDE731976886B00108712 /* PBXContainerItemProxy */ = {
			isa = PBXContainerItemProxy;
			containerPortal = CBBCDE451976886B00108712 /* Project object */;
			proxyType = 1;
			remoteGlobalIDString = CBBCDE4C1976886B00108712;
			remoteInfo = Recipes;
		};
/* End PBXContainerItemProxy section */

/* Begin PBXFileReference section */
		CBB8724A19AF6AFB00344E84 /* CategoryModel.h */ = {isa = PBXFileReference; fileEncoding = 4; lastKnownFileType = sourcecode.c.h; path = CategoryModel.h; sourceTree = "<group>"; };
		CBB8724B19AF6AFB00344E84 /* CategoryModel.m */ = {isa = PBXFileReference; fileEncoding = 4; lastKnownFileType = sourcecode.c.objc; path = CategoryModel.m; sourceTree = "<group>"; };
		CBB8724C19AF6AFB00344E84 /* CategoryModelNutritionCategoryComporatorContext.h */ = {isa = PBXFileReference; fileEncoding = 4; lastKnownFileType = sourcecode.c.h; path = CategoryModelNutritionCategoryComporatorContext.h; sourceTree = "<group>"; };
		CBB8724D19AF6AFB00344E84 /* CategoryModelNutritionCategoryComporatorContext.m */ = {isa = PBXFileReference; fileEncoding = 4; lastKnownFileType = sourcecode.c.objc; path = CategoryModelNutritionCategoryComporatorContext.m; sourceTree = "<group>"; };
		CBB8724E19AF6AFB00344E84 /* CategoryModelNutritionCategoryMealsComporatorContext.h */ = {isa = PBXFileReference; fileEncoding = 4; lastKnownFileType = sourcecode.c.h; path = CategoryModelNutritionCategoryMealsComporatorContext.h; sourceTree = "<group>"; };
		CBB8724F19AF6AFB00344E84 /* CategoryModelNutritionCategoryMealsComporatorContext.m */ = {isa = PBXFileReference; fileEncoding = 4; lastKnownFileType = sourcecode.c.objc; path = CategoryModelNutritionCategoryMealsComporatorContext.m; sourceTree = "<group>"; };
		CBB8725019AF6AFB00344E84 /* CategoryModelNutritionCategoryParentcategoryComporatorContext.h */ = {isa = PBXFileReference; fileEncoding = 4; lastKnownFileType = sourcecode.c.h; path = CategoryModelNutritionCategoryParentcategoryComporatorContext.h; sourceTree = "<group>"; };
		CBB8725119AF6AFB00344E84 /* CategoryModelNutritionCategoryParentcategoryComporatorContext.m */ = {isa = PBXFileReference; fileEncoding = 4; lastKnownFileType = sourcecode.c.objc; path = CategoryModelNutritionCategoryParentcategoryComporatorContext.m; sourceTree = "<group>"; };
		CBB8725219AF6AFB00344E84 /* CategoryModelNutritionCategorySubcategoriesComporatorContext.h */ = {isa = PBXFileReference; fileEncoding = 4; lastKnownFileType = sourcecode.c.h; path = CategoryModelNutritionCategorySubcategoriesComporatorContext.h; sourceTree = "<group>"; };
		CBB8725319AF6AFB00344E84 /* CategoryModelNutritionCategorySubcategoriesComporatorContext.m */ = {isa = PBXFileReference; fileEncoding = 4; lastKnownFileType = sourcecode.c.objc; path = CategoryModelNutritionCategorySubcategoriesComporatorContext.m; sourceTree = "<group>"; };
		CBB8725419AF6AFB00344E84 /* NutritionModel.h */ = {isa = PBXFileReference; fileEncoding = 4; lastKnownFileType = sourcecode.c.h; path = NutritionModel.h; sourceTree = "<group>"; };
		CBB8725519AF6AFB00344E84 /* NutritionModel.m */ = {isa = PBXFileReference; fileEncoding = 4; lastKnownFileType = sourcecode.c.objc; path = NutritionModel.m; sourceTree = "<group>"; };
		CBB8725619AF6AFB00344E84 /* NutritionModelFoodComporatorContext.h */ = {isa = PBXFileReference; fileEncoding = 4; lastKnownFileType = sourcecode.c.h; path = NutritionModelFoodComporatorContext.h; sourceTree = "<group>"; };
		CBB8725719AF6AFB00344E84 /* NutritionModelFoodComporatorContext.m */ = {isa = PBXFileReference; fileEncoding = 4; lastKnownFileType = sourcecode.c.objc; path = NutritionModelFoodComporatorContext.m; sourceTree = "<group>"; };
		CBB8725819AF6AFB00344E84 /* NutritionModelMealComporatorContext.h */ = {isa = PBXFileReference; fileEncoding = 4; lastKnownFileType = sourcecode.c.h; path = NutritionModelMealComporatorContext.h; sourceTree = "<group>"; };
		CBB8725919AF6AFB00344E84 /* NutritionModelMealComporatorContext.m */ = {isa = PBXFileReference; fileEncoding = 4; lastKnownFileType = sourcecode.c.objc; path = NutritionModelMealComporatorContext.m; sourceTree = "<group>"; };
		CBB8725A19AF6AFB00344E84 /* NutritionModelMealFoodsComporatorContext.h */ = {isa = PBXFileReference; fileEncoding = 4; lastKnownFileType = sourcecode.c.h; path = NutritionModelMealFoodsComporatorContext.h; sourceTree = "<group>"; };
		CBB8725B19AF6AFB00344E84 /* NutritionModelMealFoodsComporatorContext.m */ = {isa = PBXFileReference; fileEncoding = 4; lastKnownFileType = sourcecode.c.objc; path = NutritionModelMealFoodsComporatorContext.m; sourceTree = "<group>"; };
		CBB8725D19AF6AFB00344E84 /* Condition.h */ = {isa = PBXFileReference; fileEncoding = 4; lastKnownFileType = sourcecode.c.h; path = Condition.h; sourceTree = "<group>"; };
		CBB8725E19AF6AFB00344E84 /* Condition.m */ = {isa = PBXFileReference; fileEncoding = 4; lastKnownFileType = sourcecode.c.objc; path = Condition.m; sourceTree = "<group>"; };
		CBB8725F19AF6AFB00344E84 /* ConditionAnd.h */ = {isa = PBXFileReference; fileEncoding = 4; lastKnownFileType = sourcecode.c.h; path = ConditionAnd.h; sourceTree = "<group>"; };
		CBB8726019AF6AFB00344E84 /* ConditionAnd.m */ = {isa = PBXFileReference; fileEncoding = 4; lastKnownFileType = sourcecode.c.objc; path = ConditionAnd.m; sourceTree = "<group>"; };
		CBB8726119AF6AFB00344E84 /* ConditionBoolean.h */ = {isa = PBXFileReference; fileEncoding = 4; lastKnownFileType = sourcecode.c.h; path = ConditionBoolean.h; sourceTree = "<group>"; };
		CBB8726219AF6AFB00344E84 /* ConditionBoolean.m */ = {isa = PBXFileReference; fileEncoding = 4; lastKnownFileType = sourcecode.c.objc; path = ConditionBoolean.m; sourceTree = "<group>"; };
		CBB8726319AF6AFB00344E84 /* ConditionDate.h */ = {isa = PBXFileReference; fileEncoding = 4; lastKnownFileType = sourcecode.c.h; path = ConditionDate.h; sourceTree = "<group>"; };
		CBB8726419AF6AFB00344E84 /* ConditionDate.m */ = {isa = PBXFileReference; fileEncoding = 4; lastKnownFileType = sourcecode.c.objc; path = ConditionDate.m; sourceTree = "<group>"; };
		CBB8726519AF6AFB00344E84 /* ConditionDouble.h */ = {isa = PBXFileReference; fileEncoding = 4; lastKnownFileType = sourcecode.c.h; path = ConditionDouble.h; sourceTree = "<group>"; };
		CBB8726619AF6AFB00344E84 /* ConditionDouble.m */ = {isa = PBXFileReference; fileEncoding = 4; lastKnownFileType = sourcecode.c.objc; path = ConditionDouble.m; sourceTree = "<group>"; };
		CBB8726719AF6AFB00344E84 /* ConditionFloat.h */ = {isa = PBXFileReference; fileEncoding = 4; lastKnownFileType = sourcecode.c.h; path = ConditionFloat.h; sourceTree = "<group>"; };
		CBB8726819AF6AFB00344E84 /* ConditionFloat.m */ = {isa = PBXFileReference; fileEncoding = 4; lastKnownFileType = sourcecode.c.objc; path = ConditionFloat.m; sourceTree = "<group>"; };
		CBB8726919AF6AFB00344E84 /* ConditionInteger32.h */ = {isa = PBXFileReference; fileEncoding = 4; lastKnownFileType = sourcecode.c.h; path = ConditionInteger32.h; sourceTree = "<group>"; };
		CBB8726A19AF6AFB00344E84 /* ConditionInteger32.m */ = {isa = PBXFileReference; fileEncoding = 4; lastKnownFileType = sourcecode.c.objc; path = ConditionInteger32.m; sourceTree = "<group>"; };
		CBB8726B19AF6AFB00344E84 /* ConditionInteger64.h */ = {isa = PBXFileReference; fileEncoding = 4; lastKnownFileType = sourcecode.c.h; path = ConditionInteger64.h; sourceTree = "<group>"; };
		CBB8726C19AF6AFB00344E84 /* ConditionInteger64.m */ = {isa = PBXFileReference; fileEncoding = 4; lastKnownFileType = sourcecode.c.objc; path = ConditionInteger64.m; sourceTree = "<group>"; };
		CBB8726D19AF6AFB00344E84 /* ConditionOr.h */ = {isa = PBXFileReference; fileEncoding = 4; lastKnownFileType = sourcecode.c.h; path = ConditionOr.h; sourceTree = "<group>"; };
		CBB8726E19AF6AFB00344E84 /* ConditionOr.m */ = {isa = PBXFileReference; fileEncoding = 4; lastKnownFileType = sourcecode.c.objc; path = ConditionOr.m; sourceTree = "<group>"; };
		CBB8726F19AF6AFB00344E84 /* ConditionString.h */ = {isa = PBXFileReference; fileEncoding = 4; lastKnownFileType = sourcecode.c.h; path = ConditionString.h; sourceTree = "<group>"; };
		CBB8727019AF6AFB00344E84 /* ConditionString.m */ = {isa = PBXFileReference; fileEncoding = 4; lastKnownFileType = sourcecode.c.objc; path = ConditionString.m; sourceTree = "<group>"; };
		CBB8727119AF6AFB00344E84 /* ContextToMany.h */ = {isa = PBXFileReference; fileEncoding = 4; lastKnownFileType = sourcecode.c.h; path = ContextToMany.h; sourceTree = "<group>"; };
		CBB8727219AF6AFB00344E84 /* ContextToMany.m */ = {isa = PBXFileReference; fileEncoding = 4; lastKnownFileType = sourcecode.c.objc; path = ContextToMany.m; sourceTree = "<group>"; };
		CBB8727319AF6AFB00344E84 /* ContextToOne.h */ = {isa = PBXFileReference; fileEncoding = 4; lastKnownFileType = sourcecode.c.h; path = ContextToOne.h; sourceTree = "<group>"; };
		CBB8727419AF6AFB00344E84 /* ContextToOne.m */ = {isa = PBXFileReference; fileEncoding = 4; lastKnownFileType = sourcecode.c.objc; path = ContextToOne.m; sourceTree = "<group>"; };
		CBB8727519AF6AFB00344E84 /* FieldBoolean.h */ = {isa = PBXFileReference; fileEncoding = 4; lastKnownFileType = sourcecode.c.h; path = FieldBoolean.h; sourceTree = "<group>"; };
		CBB8727619AF6AFB00344E84 /* FieldBoolean.m */ = {isa = PBXFileReference; fileEncoding = 4; lastKnownFileType = sourcecode.c.objc; path = FieldBoolean.m; sourceTree = "<group>"; };
		CBB8727719AF6AFB00344E84 /* FieldBooleanToMany.h */ = {isa = PBXFileReference; fileEncoding = 4; lastKnownFileType = sourcecode.c.h; path = FieldBooleanToMany.h; sourceTree = "<group>"; };
		CBB8727819AF6AFB00344E84 /* FieldBooleanToMany.m */ = {isa = PBXFileReference; fileEncoding = 4; lastKnownFileType = sourcecode.c.objc; path = FieldBooleanToMany.m; sourceTree = "<group>"; };
		CBB8727919AF6AFB00344E84 /* FieldDate.h */ = {isa = PBXFileReference; fileEncoding = 4; lastKnownFileType = sourcecode.c.h; path = FieldDate.h; sourceTree = "<group>"; };
		CBB8727A19AF6AFB00344E84 /* FieldDate.m */ = {isa = PBXFileReference; fileEncoding = 4; lastKnownFileType = sourcecode.c.objc; path = FieldDate.m; sourceTree = "<group>"; };
		CBB8727B19AF6AFB00344E84 /* FieldDateToMany.h */ = {isa = PBXFileReference; fileEncoding = 4; lastKnownFileType = sourcecode.c.h; path = FieldDateToMany.h; sourceTree = "<group>"; };
		CBB8727C19AF6AFB00344E84 /* FieldDateToMany.m */ = {isa = PBXFileReference; fileEncoding = 4; lastKnownFileType = sourcecode.c.objc; path = FieldDateToMany.m; sourceTree = "<group>"; };
		CBB8727D19AF6AFB00344E84 /* FieldDouble.h */ = {isa = PBXFileReference; fileEncoding = 4; lastKnownFileType = sourcecode.c.h; path = FieldDouble.h; sourceTree = "<group>"; };
		CBB8727E19AF6AFB00344E84 /* FieldDouble.m */ = {isa = PBXFileReference; fileEncoding = 4; lastKnownFileType = sourcecode.c.objc; path = FieldDouble.m; sourceTree = "<group>"; };
		CBB8727F19AF6AFB00344E84 /* FieldDoubleToMany.h */ = {isa = PBXFileReference; fileEncoding = 4; lastKnownFileType = sourcecode.c.h; path = FieldDoubleToMany.h; sourceTree = "<group>"; };
		CBB8728019AF6AFB00344E84 /* FieldDoubleToMany.m */ = {isa = PBXFileReference; fileEncoding = 4; lastKnownFileType = sourcecode.c.objc; path = FieldDoubleToMany.m; sourceTree = "<group>"; };
		CBB8728119AF6AFB00344E84 /* FieldFloat.h */ = {isa = PBXFileReference; fileEncoding = 4; lastKnownFileType = sourcecode.c.h; path = FieldFloat.h; sourceTree = "<group>"; };
		CBB8728219AF6AFB00344E84 /* FieldFloat.m */ = {isa = PBXFileReference; fileEncoding = 4; lastKnownFileType = sourcecode.c.objc; path = FieldFloat.m; sourceTree = "<group>"; };
		CBB8728319AF6AFB00344E84 /* FieldFloatToMany.h */ = {isa = PBXFileReference; fileEncoding = 4; lastKnownFileType = sourcecode.c.h; path = FieldFloatToMany.h; sourceTree = "<group>"; };
		CBB8728419AF6AFB00344E84 /* FieldFloatToMany.m */ = {isa = PBXFileReference; fileEncoding = 4; lastKnownFileType = sourcecode.c.objc; path = FieldFloatToMany.m; sourceTree = "<group>"; };
		CBB8728519AF6AFB00344E84 /* FieldInteger32.h */ = {isa = PBXFileReference; fileEncoding = 4; lastKnownFileType = sourcecode.c.h; path = FieldInteger32.h; sourceTree = "<group>"; };
		CBB8728619AF6AFB00344E84 /* FieldInteger32.m */ = {isa = PBXFileReference; fileEncoding = 4; lastKnownFileType = sourcecode.c.objc; path = FieldInteger32.m; sourceTree = "<group>"; };
		CBB8728719AF6AFB00344E84 /* FieldInteger32ToMany.h */ = {isa = PBXFileReference; fileEncoding = 4; lastKnownFileType = sourcecode.c.h; path = FieldInteger32ToMany.h; sourceTree = "<group>"; };
		CBB8728819AF6AFB00344E84 /* FieldInteger32ToMany.m */ = {isa = PBXFileReference; fileEncoding = 4; lastKnownFileType = sourcecode.c.objc; path = FieldInteger32ToMany.m; sourceTree = "<group>"; };
		CBB8728919AF6AFB00344E84 /* FieldInteger64.h */ = {isa = PBXFileReference; fileEncoding = 4; lastKnownFileType = sourcecode.c.h; path = FieldInteger64.h; sourceTree = "<group>"; };
		CBB8728A19AF6AFB00344E84 /* FieldInteger64.m */ = {isa = PBXFileReference; fileEncoding = 4; lastKnownFileType = sourcecode.c.objc; path = FieldInteger64.m; sourceTree = "<group>"; };
		CBB8728B19AF6AFB00344E84 /* FieldInteger64ToMany.h */ = {isa = PBXFileReference; fileEncoding = 4; lastKnownFileType = sourcecode.c.h; path = FieldInteger64ToMany.h; sourceTree = "<group>"; };
		CBB8728C19AF6AFB00344E84 /* FieldInteger64ToMany.m */ = {isa = PBXFileReference; fileEncoding = 4; lastKnownFileType = sourcecode.c.objc; path = FieldInteger64ToMany.m; sourceTree = "<group>"; };
		CBB8728D19AF6AFB00344E84 /* FieldString.h */ = {isa = PBXFileReference; fileEncoding = 4; lastKnownFileType = sourcecode.c.h; path = FieldString.h; sourceTree = "<group>"; };
		CBB8728E19AF6AFB00344E84 /* FieldString.m */ = {isa = PBXFileReference; fileEncoding = 4; lastKnownFileType = sourcecode.c.objc; path = FieldString.m; sourceTree = "<group>"; };
		CBB8728F19AF6AFB00344E84 /* FieldStringToMany.h */ = {isa = PBXFileReference; fileEncoding = 4; lastKnownFileType = sourcecode.c.h; path = FieldStringToMany.h; sourceTree = "<group>"; };
		CBB8729019AF6AFB00344E84 /* FieldStringToMany.m */ = {isa = PBXFileReference; fileEncoding = 4; lastKnownFileType = sourcecode.c.objc; path = FieldStringToMany.m; sourceTree = "<group>"; };
		CBB8729119AF6AFB00344E84 /* ModelContext.h */ = {isa = PBXFileReference; fileEncoding = 4; lastKnownFileType = sourcecode.c.h; path = ModelContext.h; sourceTree = "<group>"; };
		CBB8729219AF6AFB00344E84 /* ModelContext.m */ = {isa = PBXFileReference; fileEncoding = 4; lastKnownFileType = sourcecode.c.objc; path = ModelContext.m; sourceTree = "<group>"; };
		CBB8729319AF6AFB00344E84 /* DataManager.h */ = {isa = PBXFileReference; fileEncoding = 4; lastKnownFileType = sourcecode.c.h; path = DataManager.h; sourceTree = "<group>"; };
		CBB8729419AF6AFB00344E84 /* DataManager.m */ = {isa = PBXFileReference; fileEncoding = 4; lastKnownFileType = sourcecode.c.objc; path = DataManager.m; sourceTree = "<group>"; };
		CBB8729619AF6AFB00344E84 /* CategoryModelNutritionCategoryDTO.h */ = {isa = PBXFileReference; fileEncoding = 4; lastKnownFileType = sourcecode.c.h; path = CategoryModelNutritionCategoryDTO.h; sourceTree = "<group>"; };
		CBB8729719AF6AFB00344E84 /* CategoryModelNutritionCategoryDTO.m */ = {isa = PBXFileReference; fileEncoding = 4; lastKnownFileType = sourcecode.c.objc; path = CategoryModelNutritionCategoryDTO.m; sourceTree = "<group>"; };
		CBB8729819AF6AFB00344E84 /* CategoryModelNutritionCategoryMealsDTO.h */ = {isa = PBXFileReference; fileEncoding = 4; lastKnownFileType = sourcecode.c.h; path = CategoryModelNutritionCategoryMealsDTO.h; sourceTree = "<group>"; };
		CBB8729919AF6AFB00344E84 /* CategoryModelNutritionCategoryMealsDTO.m */ = {isa = PBXFileReference; fileEncoding = 4; lastKnownFileType = sourcecode.c.objc; path = CategoryModelNutritionCategoryMealsDTO.m; sourceTree = "<group>"; };
		CBB8729A19AF6AFB00344E84 /* NutritionModelFoodDTO.h */ = {isa = PBXFileReference; fileEncoding = 4; lastKnownFileType = sourcecode.c.h; path = NutritionModelFoodDTO.h; sourceTree = "<group>"; };
		CBB8729B19AF6AFB00344E84 /* NutritionModelFoodDTO.m */ = {isa = PBXFileReference; fileEncoding = 4; lastKnownFileType = sourcecode.c.objc; path = NutritionModelFoodDTO.m; sourceTree = "<group>"; };
		CBB8729C19AF6AFB00344E84 /* NutritionModelMealDTO.h */ = {isa = PBXFileReference; fileEncoding = 4; lastKnownFileType = sourcecode.c.h; path = NutritionModelMealDTO.h; sourceTree = "<group>"; };
		CBB8729D19AF6AFB00344E84 /* NutritionModelMealDTO.m */ = {isa = PBXFileReference; fileEncoding = 4; lastKnownFileType = sourcecode.c.objc; path = NutritionModelMealDTO.m; sourceTree = "<group>"; };
		CBB8729E19AF6AFB00344E84 /* NutritionModelMealFoodsDTO.h */ = {isa = PBXFileReference; fileEncoding = 4; lastKnownFileType = sourcecode.c.h; path = NutritionModelMealFoodsDTO.h; sourceTree = "<group>"; };
		CBB8729F19AF6AFB00344E84 /* NutritionModelMealFoodsDTO.m */ = {isa = PBXFileReference; fileEncoding = 4; lastKnownFileType = sourcecode.c.objc; path = NutritionModelMealFoodsDTO.m; sourceTree = "<group>"; };
		CBB872A119AF6AFB00344E84 /* Food.h */ = {isa = PBXFileReference; fileEncoding = 4; lastKnownFileType = sourcecode.c.h; path = Food.h; sourceTree = "<group>"; };
		CBB872A219AF6AFB00344E84 /* Food.m */ = {isa = PBXFileReference; fileEncoding = 4; lastKnownFileType = sourcecode.c.objc; path = Food.m; sourceTree = "<group>"; };
		CBB872A319AF6AFB00344E84 /* Meal.h */ = {isa = PBXFileReference; fileEncoding = 4; lastKnownFileType = sourcecode.c.h; path = Meal.h; sourceTree = "<group>"; };
		CBB872A419AF6AFB00344E84 /* Meal.m */ = {isa = PBXFileReference; fileEncoding = 4; lastKnownFileType = sourcecode.c.objc; path = Meal.m; sourceTree = "<group>"; };
		CBB872A519AF6AFB00344E84 /* NutritionCategory.h */ = {isa = PBXFileReference; fileEncoding = 4; lastKnownFileType = sourcecode.c.h; path = NutritionCategory.h; sourceTree = "<group>"; };
		CBB872A619AF6AFB00344E84 /* NutritionCategory.m */ = {isa = PBXFileReference; fileEncoding = 4; lastKnownFileType = sourcecode.c.objc; path = NutritionCategory.m; sourceTree = "<group>"; };
		CBBCDE4D1976886B00108712 /* Recipes.app */ = {isa = PBXFileReference; explicitFileType = wrapper.application; includeInIndex = 0; path = Recipes.app; sourceTree = BUILT_PRODUCTS_DIR; };
		CBBCDE501976886B00108712 /* Foundation.framework */ = {isa = PBXFileReference; lastKnownFileType = wrapper.framework; name = Foundation.framework; path = System/Library/Frameworks/Foundation.framework; sourceTree = SDKROOT; };
		CBBCDE521976886B00108712 /* CoreGraphics.framework */ = {isa = PBXFileReference; lastKnownFileType = wrapper.framework; name = CoreGraphics.framework; path = System/Library/Frameworks/CoreGraphics.framework; sourceTree = SDKROOT; };
		CBBCDE541976886B00108712 /* UIKit.framework */ = {isa = PBXFileReference; lastKnownFileType = wrapper.framework; name = UIKit.framework; path = System/Library/Frameworks/UIKit.framework; sourceTree = SDKROOT; };
		CBBCDE581976886B00108712 /* Recipes-Info.plist */ = {isa = PBXFileReference; lastKnownFileType = text.plist.xml; path = "Recipes-Info.plist"; sourceTree = "<group>"; };
		CBBCDE5A1976886B00108712 /* en */ = {isa = PBXFileReference; lastKnownFileType = text.plist.strings; name = en; path = en.lproj/InfoPlist.strings; sourceTree = "<group>"; };
		CBBCDE5C1976886B00108712 /* main.m */ = {isa = PBXFileReference; lastKnownFileType = sourcecode.c.objc; path = main.m; sourceTree = "<group>"; };
		CBBCDE5E1976886B00108712 /* Recipes-Prefix.pch */ = {isa = PBXFileReference; lastKnownFileType = sourcecode.c.h; path = "Recipes-Prefix.pch"; sourceTree = "<group>"; };
		CBBCDE5F1976886B00108712 /* AppDelegate.h */ = {isa = PBXFileReference; lastKnownFileType = sourcecode.c.h; path = AppDelegate.h; sourceTree = "<group>"; };
		CBBCDE601976886B00108712 /* AppDelegate.m */ = {isa = PBXFileReference; lastKnownFileType = sourcecode.c.objc; path = AppDelegate.m; sourceTree = "<group>"; };
		CBBCDE631976886B00108712 /* Base */ = {isa = PBXFileReference; lastKnownFileType = file.storyboard; name = Base; path = Base.lproj/Main.storyboard; sourceTree = "<group>"; };
		CBBCDE651976886B00108712 /* ViewController.h */ = {isa = PBXFileReference; lastKnownFileType = sourcecode.c.h; path = ViewController.h; sourceTree = "<group>"; };
		CBBCDE661976886B00108712 /* ViewController.m */ = {isa = PBXFileReference; lastKnownFileType = sourcecode.c.objc; path = ViewController.m; sourceTree = "<group>"; };
		CBBCDE681976886B00108712 /* Images.xcassets */ = {isa = PBXFileReference; lastKnownFileType = folder.assetcatalog; path = Images.xcassets; sourceTree = "<group>"; };
		CBBCDE6E1976886B00108712 /* RecipesTests.xctest */ = {isa = PBXFileReference; explicitFileType = wrapper.cfbundle; includeInIndex = 0; path = RecipesTests.xctest; sourceTree = BUILT_PRODUCTS_DIR; };
		CBBCDE6F1976886B00108712 /* XCTest.framework */ = {isa = PBXFileReference; lastKnownFileType = wrapper.framework; name = XCTest.framework; path = Library/Frameworks/XCTest.framework; sourceTree = DEVELOPER_DIR; };
		CBBCDE771976886B00108712 /* RecipesTests-Info.plist */ = {isa = PBXFileReference; lastKnownFileType = text.plist.xml; path = "RecipesTests-Info.plist"; sourceTree = "<group>"; };
		CBBCDE791976886B00108712 /* en */ = {isa = PBXFileReference; lastKnownFileType = text.plist.strings; name = en; path = en.lproj/InfoPlist.strings; sourceTree = "<group>"; };
		CBBCDE7B1976886B00108712 /* RecipesTests.m */ = {isa = PBXFileReference; lastKnownFileType = sourcecode.c.objc; path = RecipesTests.m; sourceTree = "<group>"; };
		CBBCDE851976889000108712 /* schema.xml */ = {isa = PBXFileReference; fileEncoding = 4; lastKnownFileType = text.xml; path = schema.xml; sourceTree = "<group>"; };
		CBBCDF4819769F0600108712 /* CoreData.framework */ = {isa = PBXFileReference; lastKnownFileType = wrapper.framework; name = CoreData.framework; path = System/Library/Frameworks/CoreData.framework; sourceTree = SDKROOT; };
/* End PBXFileReference section */

/* Begin PBXFrameworksBuildPhase section */
		CBBCDE4A1976886B00108712 /* Frameworks */ = {
			isa = PBXFrameworksBuildPhase;
			buildActionMask = 2147483647;
			files = (
				CBBCDF4919769F0600108712 /* CoreData.framework in Frameworks */,
				CBBCDE531976886B00108712 /* CoreGraphics.framework in Frameworks */,
				CBBCDE551976886B00108712 /* UIKit.framework in Frameworks */,
				CBBCDE511976886B00108712 /* Foundation.framework in Frameworks */,
			);
			runOnlyForDeploymentPostprocessing = 0;
		};
		CBBCDE6B1976886B00108712 /* Frameworks */ = {
			isa = PBXFrameworksBuildPhase;
			buildActionMask = 2147483647;
			files = (
				CBBCDE701976886B00108712 /* XCTest.framework in Frameworks */,
				CBBCDE721976886B00108712 /* UIKit.framework in Frameworks */,
				CBBCDE711976886B00108712 /* Foundation.framework in Frameworks */,
			);
			runOnlyForDeploymentPostprocessing = 0;
		};
/* End PBXFrameworksBuildPhase section */

/* Begin PBXGroup section */
		CBB8724919AF6AFB00344E84 /* models */ = {
			isa = PBXGroup;
			children = (
				CBB8724A19AF6AFB00344E84 /* CategoryModel.h */,
				CBB8724B19AF6AFB00344E84 /* CategoryModel.m */,
				CBB8724C19AF6AFB00344E84 /* CategoryModelNutritionCategoryComporatorContext.h */,
				CBB8724D19AF6AFB00344E84 /* CategoryModelNutritionCategoryComporatorContext.m */,
				CBB8724E19AF6AFB00344E84 /* CategoryModelNutritionCategoryMealsComporatorContext.h */,
				CBB8724F19AF6AFB00344E84 /* CategoryModelNutritionCategoryMealsComporatorContext.m */,
				CBB8725019AF6AFB00344E84 /* CategoryModelNutritionCategoryParentcategoryComporatorContext.h */,
				CBB8725119AF6AFB00344E84 /* CategoryModelNutritionCategoryParentcategoryComporatorContext.m */,
				CBB8725219AF6AFB00344E84 /* CategoryModelNutritionCategorySubcategoriesComporatorContext.h */,
				CBB8725319AF6AFB00344E84 /* CategoryModelNutritionCategorySubcategoriesComporatorContext.m */,
				CBB8725419AF6AFB00344E84 /* NutritionModel.h */,
				CBB8725519AF6AFB00344E84 /* NutritionModel.m */,
				CBB8725619AF6AFB00344E84 /* NutritionModelFoodComporatorContext.h */,
				CBB8725719AF6AFB00344E84 /* NutritionModelFoodComporatorContext.m */,
				CBB8725819AF6AFB00344E84 /* NutritionModelMealComporatorContext.h */,
				CBB8725919AF6AFB00344E84 /* NutritionModelMealComporatorContext.m */,
				CBB8725A19AF6AFB00344E84 /* NutritionModelMealFoodsComporatorContext.h */,
				CBB8725B19AF6AFB00344E84 /* NutritionModelMealFoodsComporatorContext.m */,
			);
			path = models;
			sourceTree = "<group>";
		};
		CBB8725C19AF6AFB00344E84 /* classes */ = {
			isa = PBXGroup;
			children = (
				CBB8725D19AF6AFB00344E84 /* Condition.h */,
				CBB8725E19AF6AFB00344E84 /* Condition.m */,
				CBB8725F19AF6AFB00344E84 /* ConditionAnd.h */,
				CBB8726019AF6AFB00344E84 /* ConditionAnd.m */,
				CBB8726119AF6AFB00344E84 /* ConditionBoolean.h */,
				CBB8726219AF6AFB00344E84 /* ConditionBoolean.m */,
				CBB8726319AF6AFB00344E84 /* ConditionDate.h */,
				CBB8726419AF6AFB00344E84 /* ConditionDate.m */,
				CBB8726519AF6AFB00344E84 /* ConditionDouble.h */,
				CBB8726619AF6AFB00344E84 /* ConditionDouble.m */,
				CBB8726719AF6AFB00344E84 /* ConditionFloat.h */,
				CBB8726819AF6AFB00344E84 /* ConditionFloat.m */,
				CBB8726919AF6AFB00344E84 /* ConditionInteger32.h */,
				CBB8726A19AF6AFB00344E84 /* ConditionInteger32.m */,
				CBB8726B19AF6AFB00344E84 /* ConditionInteger64.h */,
				CBB8726C19AF6AFB00344E84 /* ConditionInteger64.m */,
				CBB8726D19AF6AFB00344E84 /* ConditionOr.h */,
				CBB8726E19AF6AFB00344E84 /* ConditionOr.m */,
				CBB8726F19AF6AFB00344E84 /* ConditionString.h */,
				CBB8727019AF6AFB00344E84 /* ConditionString.m */,
				CBB8727119AF6AFB00344E84 /* ContextToMany.h */,
				CBB8727219AF6AFB00344E84 /* ContextToMany.m */,
				CBB8727319AF6AFB00344E84 /* ContextToOne.h */,
				CBB8727419AF6AFB00344E84 /* ContextToOne.m */,
				CBB8727519AF6AFB00344E84 /* FieldBoolean.h */,
				CBB8727619AF6AFB00344E84 /* FieldBoolean.m */,
				CBB8727719AF6AFB00344E84 /* FieldBooleanToMany.h */,
				CBB8727819AF6AFB00344E84 /* FieldBooleanToMany.m */,
				CBB8727919AF6AFB00344E84 /* FieldDate.h */,
				CBB8727A19AF6AFB00344E84 /* FieldDate.m */,
				CBB8727B19AF6AFB00344E84 /* FieldDateToMany.h */,
				CBB8727C19AF6AFB00344E84 /* FieldDateToMany.m */,
				CBB8727D19AF6AFB00344E84 /* FieldDouble.h */,
				CBB8727E19AF6AFB00344E84 /* FieldDouble.m */,
				CBB8727F19AF6AFB00344E84 /* FieldDoubleToMany.h */,
				CBB8728019AF6AFB00344E84 /* FieldDoubleToMany.m */,
				CBB8728119AF6AFB00344E84 /* FieldFloat.h */,
				CBB8728219AF6AFB00344E84 /* FieldFloat.m */,
				CBB8728319AF6AFB00344E84 /* FieldFloatToMany.h */,
				CBB8728419AF6AFB00344E84 /* FieldFloatToMany.m */,
				CBB8728519AF6AFB00344E84 /* FieldInteger32.h */,
				CBB8728619AF6AFB00344E84 /* FieldInteger32.m */,
				CBB8728719AF6AFB00344E84 /* FieldInteger32ToMany.h */,
				CBB8728819AF6AFB00344E84 /* FieldInteger32ToMany.m */,
				CBB8728919AF6AFB00344E84 /* FieldInteger64.h */,
				CBB8728A19AF6AFB00344E84 /* FieldInteger64.m */,
				CBB8728B19AF6AFB00344E84 /* FieldInteger64ToMany.h */,
				CBB8728C19AF6AFB00344E84 /* FieldInteger64ToMany.m */,
				CBB8728D19AF6AFB00344E84 /* FieldString.h */,
				CBB8728E19AF6AFB00344E84 /* FieldString.m */,
				CBB8728F19AF6AFB00344E84 /* FieldStringToMany.h */,
				CBB8729019AF6AFB00344E84 /* FieldStringToMany.m */,
				CBB8729119AF6AFB00344E84 /* ModelContext.h */,
				CBB8729219AF6AFB00344E84 /* ModelContext.m */,
			);
			path = classes;
			sourceTree = "<group>";
		};
		CBB8729519AF6AFB00344E84 /* DTO */ = {
			isa = PBXGroup;
			children = (
				CBB8729619AF6AFB00344E84 /* CategoryModelNutritionCategoryDTO.h */,
				CBB8729719AF6AFB00344E84 /* CategoryModelNutritionCategoryDTO.m */,
				CBB8729819AF6AFB00344E84 /* CategoryModelNutritionCategoryMealsDTO.h */,
				CBB8729919AF6AFB00344E84 /* CategoryModelNutritionCategoryMealsDTO.m */,
				CBB8729A19AF6AFB00344E84 /* NutritionModelFoodDTO.h */,
				CBB8729B19AF6AFB00344E84 /* NutritionModelFoodDTO.m */,
				CBB8729C19AF6AFB00344E84 /* NutritionModelMealDTO.h */,
				CBB8729D19AF6AFB00344E84 /* NutritionModelMealDTO.m */,
				CBB8729E19AF6AFB00344E84 /* NutritionModelMealFoodsDTO.h */,
				CBB8729F19AF6AFB00344E84 /* NutritionModelMealFoodsDTO.m */,
			);
			path = DTO;
			sourceTree = "<group>";
		};
		CBB872A019AF6AFB00344E84 /* entities */ = {
			isa = PBXGroup;
			children = (
				CBB872A119AF6AFB00344E84 /* Food.h */,
				CBB872A219AF6AFB00344E84 /* Food.m */,
				CBB872A319AF6AFB00344E84 /* Meal.h */,
				CBB872A419AF6AFB00344E84 /* Meal.m */,
				CBB872A519AF6AFB00344E84 /* NutritionCategory.h */,
				CBB872A619AF6AFB00344E84 /* NutritionCategory.m */,
			);
			path = entities;
			sourceTree = "<group>";
		};
		CBBCDE441976886B00108712 = {
			isa = PBXGroup;
			children = (
				CBBCDE561976886B00108712 /* Recipes */,
				CBBCDE751976886B00108712 /* RecipesTests */,
				CBBCDE4F1976886B00108712 /* Frameworks */,
				CBBCDE4E1976886B00108712 /* Products */,
			);
			sourceTree = "<group>";
		};
		CBBCDE4E1976886B00108712 /* Products */ = {
			isa = PBXGroup;
			children = (
				CBBCDE4D1976886B00108712 /* Recipes.app */,
				CBBCDE6E1976886B00108712 /* RecipesTests.xctest */,
			);
			name = Products;
			sourceTree = "<group>";
		};
		CBBCDE4F1976886B00108712 /* Frameworks */ = {
			isa = PBXGroup;
			children = (
				CBBCDF4819769F0600108712 /* CoreData.framework */,
				CBBCDE501976886B00108712 /* Foundation.framework */,
				CBBCDE521976886B00108712 /* CoreGraphics.framework */,
				CBBCDE541976886B00108712 /* UIKit.framework */,
				CBBCDE6F1976886B00108712 /* XCTest.framework */,
			);
			name = Frameworks;
			sourceTree = "<group>";
		};
		CBBCDE561976886B00108712 /* Recipes */ = {
			isa = PBXGroup;
			children = (
				CBBCDEE619768EE000108712 /* ORM */,
				CBBCDE5F1976886B00108712 /* AppDelegate.h */,
				CBBCDE601976886B00108712 /* AppDelegate.m */,
				CBBCDE621976886B00108712 /* Main.storyboard */,
				CBBCDE651976886B00108712 /* ViewController.h */,
				CBBCDE661976886B00108712 /* ViewController.m */,
				CBBCDE681976886B00108712 /* Images.xcassets */,
				CBBCDE571976886B00108712 /* Supporting Files */,
				CBBCDE851976889000108712 /* schema.xml */,
			);
			path = Recipes;
			sourceTree = "<group>";
		};
		CBBCDE571976886B00108712 /* Supporting Files */ = {
			isa = PBXGroup;
			children = (
				CBBCDE581976886B00108712 /* Recipes-Info.plist */,
				CBBCDE591976886B00108712 /* InfoPlist.strings */,
				CBBCDE5C1976886B00108712 /* main.m */,
				CBBCDE5E1976886B00108712 /* Recipes-Prefix.pch */,
			);
			name = "Supporting Files";
			sourceTree = "<group>";
		};
		CBBCDE751976886B00108712 /* RecipesTests */ = {
			isa = PBXGroup;
			children = (
				CBBCDE7B1976886B00108712 /* RecipesTests.m */,
				CBBCDE761976886B00108712 /* Supporting Files */,
			);
			path = RecipesTests;
			sourceTree = "<group>";
		};
		CBBCDE761976886B00108712 /* Supporting Files */ = {
			isa = PBXGroup;
			children = (
				CBBCDE771976886B00108712 /* RecipesTests-Info.plist */,
				CBBCDE781976886B00108712 /* InfoPlist.strings */,
			);
			name = "Supporting Files";
			sourceTree = "<group>";
		};
		CBBCDEE619768EE000108712 /* ORM */ = {
			isa = PBXGroup;
			children = (
				CBB8724919AF6AFB00344E84 /* models */,
				CBB8725C19AF6AFB00344E84 /* classes */,
				CBB8729319AF6AFB00344E84 /* DataManager.h */,
				CBB8729419AF6AFB00344E84 /* DataManager.m */,
				CBB8729519AF6AFB00344E84 /* DTO */,
				CBB872A019AF6AFB00344E84 /* entities */,
			);
			path = ORM;
			sourceTree = "<group>";
		};
/* End PBXGroup section */

/* Begin PBXNativeTarget section */
		CBBCDE4C1976886B00108712 /* Recipes */ = {
			isa = PBXNativeTarget;
			buildConfigurationList = CBBCDE7F1976886B00108712 /* Build configuration list for PBXNativeTarget "Recipes" */;
			buildPhases = (
				CBBCDE491976886B00108712 /* Sources */,
				CBBCDE4A1976886B00108712 /* Frameworks */,
				CBBCDE4B1976886B00108712 /* Resources */,
			);
			buildRules = (
			);
			dependencies = (
			);
			name = Recipes;
			productName = Recipes;
			productReference = CBBCDE4D1976886B00108712 /* Recipes.app */;
			productType = "com.apple.product-type.application";
		};
		CBBCDE6D1976886B00108712 /* RecipesTests */ = {
			isa = PBXNativeTarget;
			buildConfigurationList = CBBCDE821976886B00108712 /* Build configuration list for PBXNativeTarget "RecipesTests" */;
			buildPhases = (
				CBBCDE6A1976886B00108712 /* Sources */,
				CBBCDE6B1976886B00108712 /* Frameworks */,
				CBBCDE6C1976886B00108712 /* Resources */,
			);
			buildRules = (
			);
			dependencies = (
				CBBCDE741976886B00108712 /* PBXTargetDependency */,
			);
			name = RecipesTests;
			productName = RecipesTests;
			productReference = CBBCDE6E1976886B00108712 /* RecipesTests.xctest */;
			productType = "com.apple.product-type.bundle.unit-test";
		};
/* End PBXNativeTarget section */

/* Begin PBXProject section */
		CBBCDE451976886B00108712 /* Project object */ = {
			isa = PBXProject;
			attributes = {
				LastUpgradeCheck = 0510;
				ORGANIZATIONNAME = Technologika;
				TargetAttributes = {
					CBBCDE6D1976886B00108712 = {
						TestTargetID = CBBCDE4C1976886B00108712;
					};
				};
			};
			buildConfigurationList = CBBCDE481976886B00108712 /* Build configuration list for PBXProject "Recipes" */;
			compatibilityVersion = "Xcode 3.2";
			developmentRegion = English;
			hasScannedForEncodings = 0;
			knownRegions = (
				en,
				Base,
			);
			mainGroup = CBBCDE441976886B00108712;
			productRefGroup = CBBCDE4E1976886B00108712 /* Products */;
			projectDirPath = "";
			projectRoot = "";
			targets = (
				CBBCDE4C1976886B00108712 /* Recipes */,
				CBBCDE6D1976886B00108712 /* RecipesTests */,
			);
		};
/* End PBXProject section */

/* Begin PBXResourcesBuildPhase section */
		CBBCDE4B1976886B00108712 /* Resources */ = {
			isa = PBXResourcesBuildPhase;
			buildActionMask = 2147483647;
			files = (
				CBBCDE691976886B00108712 /* Images.xcassets in Resources */,
				CBBCDE5B1976886B00108712 /* InfoPlist.strings in Resources */,
				CBBCDE861976889000108712 /* schema.xml in Resources */,
				CBBCDE641976886B00108712 /* Main.storyboard in Resources */,
			);
			runOnlyForDeploymentPostprocessing = 0;
		};
		CBBCDE6C1976886B00108712 /* Resources */ = {
			isa = PBXResourcesBuildPhase;
			buildActionMask = 2147483647;
			files = (
				CBBCDE7A1976886B00108712 /* InfoPlist.strings in Resources */,
			);
			runOnlyForDeploymentPostprocessing = 0;
		};
/* End PBXResourcesBuildPhase section */

/* Begin PBXSourcesBuildPhase section */
		CBBCDE491976886B00108712 /* Sources */ = {
			isa = PBXSourcesBuildPhase;
			buildActionMask = 2147483647;
			files = (
				CBB872B019AF6AFB00344E84 /* Condition.m in Sources */,
				CBB872BA19AF6AFB00344E84 /* ContextToMany.m in Sources */,
				CBB872D219AF6AFB00344E84 /* Meal.m in Sources */,
				CBB872BF19AF6AFB00344E84 /* FieldDateToMany.m in Sources */,
				CBB872CC19AF6AFB00344E84 /* CategoryModelNutritionCategoryDTO.m in Sources */,
				CBB872AD19AF6AFB00344E84 /* NutritionModelFoodComporatorContext.m in Sources */,
				CBB872CF19AF6AFB00344E84 /* NutritionModelMealDTO.m in Sources */,
				CBB872C519AF6AFB00344E84 /* FieldInteger32ToMany.m in Sources */,
				CBB872BB19AF6AFB00344E84 /* ContextToOne.m in Sources */,
				CBB872B719AF6AFB00344E84 /* ConditionInteger64.m in Sources */,
				CBB872A819AF6AFB00344E84 /* CategoryModelNutritionCategoryComporatorContext.m in Sources */,
				CBBCDE671976886B00108712 /* ViewController.m in Sources */,
				CBB872BD19AF6AFB00344E84 /* FieldBooleanToMany.m in Sources */,
				CBB872BE19AF6AFB00344E84 /* FieldDate.m in Sources */,
				CBB872D119AF6AFB00344E84 /* Food.m in Sources */,
				CBB872AF19AF6AFB00344E84 /* NutritionModelMealFoodsComporatorContext.m in Sources */,
				CBB872CD19AF6AFB00344E84 /* CategoryModelNutritionCategoryMealsDTO.m in Sources */,
				CBB872B119AF6AFB00344E84 /* ConditionAnd.m in Sources */,
				CBB872C919AF6AFB00344E84 /* FieldStringToMany.m in Sources */,
				CBB872A719AF6AFB00344E84 /* CategoryModel.m in Sources */,
				CBB872AE19AF6AFB00344E84 /* NutritionModelMealComporatorContext.m in Sources */,
				CBB872D019AF6AFB00344E84 /* NutritionModelMealFoodsDTO.m in Sources */,
				CBB872C019AF6AFB00344E84 /* FieldDouble.m in Sources */,
				CBB872B519AF6AFB00344E84 /* ConditionFloat.m in Sources */,
				CBB872D319AF6AFB00344E84 /* NutritionCategory.m in Sources */,
				CBB872BC19AF6AFB00344E84 /* FieldBoolean.m in Sources */,
				CBB872A919AF6AFB00344E84 /* CategoryModelNutritionCategoryMealsComporatorContext.m in Sources */,
				CBB872B219AF6AFB00344E84 /* ConditionBoolean.m in Sources */,
				CBB872CB19AF6AFB00344E84 /* DataManager.m in Sources */,
				CBBCDE611976886B00108712 /* AppDelegate.m in Sources */,
				CBB872B619AF6AFB00344E84 /* ConditionInteger32.m in Sources */,
				CBB872C819AF6AFB00344E84 /* FieldString.m in Sources */,
				CBB872C119AF6AFB00344E84 /* FieldDoubleToMany.m in Sources */,
				CBB872CA19AF6AFB00344E84 /* ModelContext.m in Sources */,
				CBB872B919AF6AFB00344E84 /* ConditionString.m in Sources */,
				CBB872AB19AF6AFB00344E84 /* CategoryModelNutritionCategorySubcategoriesComporatorContext.m in Sources */,
				CBBCDE5D1976886B00108712 /* main.m in Sources */,
				CBB872B819AF6AFB00344E84 /* ConditionOr.m in Sources */,
				CBB872AC19AF6AFB00344E84 /* NutritionModel.m in Sources */,
				CBB872B419AF6AFB00344E84 /* ConditionDouble.m in Sources */,
				CBB872C719AF6AFB00344E84 /* FieldInteger64ToMany.m in Sources */,
				CBB872C419AF6AFB00344E84 /* FieldInteger32.m in Sources */,
				CBB872C219AF6AFB00344E84 /* FieldFloat.m in Sources */,
				CBB872CE19AF6AFB00344E84 /* NutritionModelFoodDTO.m in Sources */,
				CBB872AA19AF6AFB00344E84 /* CategoryModelNutritionCategoryParentcategoryComporatorContext.m in Sources */,
				CBB872B319AF6AFB00344E84 /* ConditionDate.m in Sources */,
				CBB872C319AF6AFB00344E84 /* FieldFloatToMany.m in Sources */,
				CBB872C619AF6AFB00344E84 /* FieldInteger64.m in Sources */,
			);
			runOnlyForDeploymentPostprocessing = 0;
		};
		CBBCDE6A1976886B00108712 /* Sources */ = {
			isa = PBXSourcesBuildPhase;
			buildActionMask = 2147483647;
			files = (
				CBBCDE7C1976886B00108712 /* RecipesTests.m in Sources */,
			);
			runOnlyForDeploymentPostprocessing = 0;
		};
/* End PBXSourcesBuildPhase section */

/* Begin PBXTargetDependency section */
		CBBCDE741976886B00108712 /* PBXTargetDependency */ = {
			isa = PBXTargetDependency;
			target = CBBCDE4C1976886B00108712 /* Recipes */;
			targetProxy = CBBCDE731976886B00108712 /* PBXContainerItemProxy */;
		};
/* End PBXTargetDependency section */

/* Begin PBXVariantGroup section */
		CBBCDE591976886B00108712 /* InfoPlist.strings */ = {
			isa = PBXVariantGroup;
			children = (
				CBBCDE5A1976886B00108712 /* en */,
			);
			name = InfoPlist.strings;
			sourceTree = "<group>";
		};
		CBBCDE621976886B00108712 /* Main.storyboard */ = {
			isa = PBXVariantGroup;
			children = (
				CBBCDE631976886B00108712 /* Base */,
			);
			name = Main.storyboard;
			sourceTree = "<group>";
		};
		CBBCDE781976886B00108712 /* InfoPlist.strings */ = {
			isa = PBXVariantGroup;
			children = (
				CBBCDE791976886B00108712 /* en */,
			);
			name = InfoPlist.strings;
			sourceTree = "<group>";
		};
/* End PBXVariantGroup section */

/* Begin XCBuildConfiguration section */
		CBBCDE7D1976886B00108712 /* Debug */ = {
			isa = XCBuildConfiguration;
			buildSettings = {
				ALWAYS_SEARCH_USER_PATHS = NO;
				CLANG_CXX_LANGUAGE_STANDARD = "gnu++0x";
				CLANG_CXX_LIBRARY = "libc++";
				CLANG_ENABLE_MODULES = YES;
				CLANG_ENABLE_OBJC_ARC = YES;
				CLANG_WARN_BOOL_CONVERSION = YES;
				CLANG_WARN_CONSTANT_CONVERSION = YES;
				CLANG_WARN_DIRECT_OBJC_ISA_USAGE = YES_ERROR;
				CLANG_WARN_EMPTY_BODY = YES;
				CLANG_WARN_ENUM_CONVERSION = YES;
				CLANG_WARN_INT_CONVERSION = YES;
				CLANG_WARN_OBJC_ROOT_CLASS = YES_ERROR;
				CLANG_WARN__DUPLICATE_METHOD_MATCH = YES;
				"CODE_SIGN_IDENTITY[sdk=iphoneos*]" = "iPhone Developer";
				COPY_PHASE_STRIP = NO;
				GCC_C_LANGUAGE_STANDARD = gnu99;
				GCC_DYNAMIC_NO_PIC = NO;
				GCC_OPTIMIZATION_LEVEL = 0;
				GCC_PREPROCESSOR_DEFINITIONS = (
					"DEBUG=1",
					"$(inherited)",
				);
				GCC_SYMBOLS_PRIVATE_EXTERN = NO;
				GCC_WARN_64_TO_32_BIT_CONVERSION = YES;
				GCC_WARN_ABOUT_RETURN_TYPE = YES_ERROR;
				GCC_WARN_UNDECLARED_SELECTOR = YES;
				GCC_WARN_UNINITIALIZED_AUTOS = YES_AGGRESSIVE;
				GCC_WARN_UNUSED_FUNCTION = YES;
				GCC_WARN_UNUSED_VARIABLE = YES;
				IPHONEOS_DEPLOYMENT_TARGET = 7.1;
				ONLY_ACTIVE_ARCH = YES;
				SDKROOT = iphoneos;
			};
			name = Debug;
		};
		CBBCDE7E1976886B00108712 /* Release */ = {
			isa = XCBuildConfiguration;
			buildSettings = {
				ALWAYS_SEARCH_USER_PATHS = NO;
				CLANG_CXX_LANGUAGE_STANDARD = "gnu++0x";
				CLANG_CXX_LIBRARY = "libc++";
				CLANG_ENABLE_MODULES = YES;
				CLANG_ENABLE_OBJC_ARC = YES;
				CLANG_WARN_BOOL_CONVERSION = YES;
				CLANG_WARN_CONSTANT_CONVERSION = YES;
				CLANG_WARN_DIRECT_OBJC_ISA_USAGE = YES_ERROR;
				CLANG_WARN_EMPTY_BODY = YES;
				CLANG_WARN_ENUM_CONVERSION = YES;
				CLANG_WARN_INT_CONVERSION = YES;
				CLANG_WARN_OBJC_ROOT_CLASS = YES_ERROR;
				CLANG_WARN__DUPLICATE_METHOD_MATCH = YES;
				"CODE_SIGN_IDENTITY[sdk=iphoneos*]" = "iPhone Developer";
				COPY_PHASE_STRIP = YES;
				ENABLE_NS_ASSERTIONS = NO;
				GCC_C_LANGUAGE_STANDARD = gnu99;
				GCC_WARN_64_TO_32_BIT_CONVERSION = YES;
				GCC_WARN_ABOUT_RETURN_TYPE = YES_ERROR;
				GCC_WARN_UNDECLARED_SELECTOR = YES;
				GCC_WARN_UNINITIALIZED_AUTOS = YES_AGGRESSIVE;
				GCC_WARN_UNUSED_FUNCTION = YES;
				GCC_WARN_UNUSED_VARIABLE = YES;
				IPHONEOS_DEPLOYMENT_TARGET = 7.1;
				SDKROOT = iphoneos;
				VALIDATE_PRODUCT = YES;
			};
			name = Release;
		};
		CBBCDE801976886B00108712 /* Debug */ = {
			isa = XCBuildConfiguration;
			buildSettings = {
				ASSETCATALOG_COMPILER_APPICON_NAME = AppIcon;
				ASSETCATALOG_COMPILER_LAUNCHIMAGE_NAME = LaunchImage;
				GCC_PRECOMPILE_PREFIX_HEADER = YES;
				GCC_PREFIX_HEADER = "Recipes/Recipes-Prefix.pch";
				INFOPLIST_FILE = "Recipes/Recipes-Info.plist";
				PRODUCT_NAME = "$(TARGET_NAME)";
				WRAPPER_EXTENSION = app;
			};
			name = Debug;
		};
		CBBCDE811976886B00108712 /* Release */ = {
			isa = XCBuildConfiguration;
			buildSettings = {
				ASSETCATALOG_COMPILER_APPICON_NAME = AppIcon;
				ASSETCATALOG_COMPILER_LAUNCHIMAGE_NAME = LaunchImage;
				GCC_PRECOMPILE_PREFIX_HEADER = YES;
				GCC_PREFIX_HEADER = "Recipes/Recipes-Prefix.pch";
				INFOPLIST_FILE = "Recipes/Recipes-Info.plist";
				PRODUCT_NAME = "$(TARGET_NAME)";
				WRAPPER_EXTENSION = app;
			};
			name = Release;
		};
		CBBCDE831976886B00108712 /* Debug */ = {
			isa = XCBuildConfiguration;
			buildSettings = {
				BUNDLE_LOADER = "$(BUILT_PRODUCTS_DIR)/Recipes.app/Recipes";
				FRAMEWORK_SEARCH_PATHS = (
					"$(SDKROOT)/Developer/Library/Frameworks",
					"$(inherited)",
					"$(DEVELOPER_FRAMEWORKS_DIR)",
				);
				GCC_PRECOMPILE_PREFIX_HEADER = YES;
				GCC_PREFIX_HEADER = "Recipes/Recipes-Prefix.pch";
				GCC_PREPROCESSOR_DEFINITIONS = (
					"DEBUG=1",
					"$(inherited)",
				);
				INFOPLIST_FILE = "RecipesTests/RecipesTests-Info.plist";
				PRODUCT_NAME = "$(TARGET_NAME)";
				TEST_HOST = "$(BUNDLE_LOADER)";
				WRAPPER_EXTENSION = xctest;
			};
			name = Debug;
		};
		CBBCDE841976886B00108712 /* Release */ = {
			isa = XCBuildConfiguration;
			buildSettings = {
				BUNDLE_LOADER = "$(BUILT_PRODUCTS_DIR)/Recipes.app/Recipes";
				FRAMEWORK_SEARCH_PATHS = (
					"$(SDKROOT)/Developer/Library/Frameworks",
					"$(inherited)",
					"$(DEVELOPER_FRAMEWORKS_DIR)",
				);
				GCC_PRECOMPILE_PREFIX_HEADER = YES;
				GCC_PREFIX_HEADER = "Recipes/Recipes-Prefix.pch";
				INFOPLIST_FILE = "RecipesTests/RecipesTests-Info.plist";
				PRODUCT_NAME = "$(TARGET_NAME)";
				TEST_HOST = "$(BUNDLE_LOADER)";
				WRAPPER_EXTENSION = xctest;
			};
			name = Release;
		};
/* End XCBuildConfiguration section */

/* Begin XCConfigurationList section */
		CBBCDE481976886B00108712 /* Build configuration list for PBXProject "Recipes" */ = {
			isa = XCConfigurationList;
			buildConfigurations = (
				CBBCDE7D1976886B00108712 /* Debug */,
				CBBCDE7E1976886B00108712 /* Release */,
			);
			defaultConfigurationIsVisible = 0;
			defaultConfigurationName = Release;
		};
		CBBCDE7F1976886B00108712 /* Build configuration list for PBXNativeTarget "Recipes" */ = {
			isa = XCConfigurationList;
			buildConfigurations = (
				CBBCDE801976886B00108712 /* Debug */,
				CBBCDE811976886B00108712 /* Release */,
			);
			defaultConfigurationIsVisible = 0;
			defaultConfigurationName = Release;
		};
		CBBCDE821976886B00108712 /* Build configuration list for PBXNativeTarget "RecipesTests" */ = {
			isa = XCConfigurationList;
			buildConfigurations = (
				CBBCDE831976886B00108712 /* Debug */,
				CBBCDE841976886B00108712 /* Release */,
			);
			defaultConfigurationIsVisible = 0;
			defaultConfigurationName = Release;
		};
/* End XCConfigurationList section */
	};
	rootObject = CBBCDE451976886B00108712 /* Project object */;
}
